Microsoft Visual Studio Solution File, Format Version 12.00
# Visual Studio Version 17
VisualStudioVersion = 17.5.2.0
MinimumVisualStudioVersion = 10.0.40219.1
Project("{FAE04EC0-301F-11D3-BF4B-00C04F79EFBC}") = "ghcpfunc", "ghcpfunc.csproj", "{7A2B251F-756B-B331-6CDA-B30C2E97D51A}"
EndProject
Global
	GlobalSection(SolutionConfigurationPlatforms) = preSolution
		Debug|Any CPU = Debug|Any CPU
		Release|Any CPU = Release|Any CPU
	EndGlobalSection
	GlobalSection(ProjectConfigurationPlatforms) = postSolution
		{7A2B251F-756B-B331-6CDA-B30C2E97D51A}.Debug|Any CPU.ActiveCfg = Debug|Any CPU
		{7A2B251F-756B-B331-6CDA-B30C2E97D51A}.Debug|Any CPU.Build.0 = Debug|Any CPU
		{7A2B251F-756B-B331-6CDA-B30C2E97D51A}.Release|Any CPU.ActiveCfg = Release|Any CPU
		{7A2B251F-756B-B331-6CDA-B30C2E97D51A}.Release|Any CPU.Build.0 = Release|Any CPU
	EndGlobalSection
	GlobalSection(SolutionProperties) = preSolution
		HideSolutionNode = FALSE
	EndGlobalSection
	GlobalSection(ExtensibilityGlobals) = postSolution
		SolutionGuid = {6A78EA76-6C3B-4916-B844-D9975D56E656}
	EndGlobalSection
EndGlobal
